
Microsoft Visual Studio Solution File, Format Version 12.00
# Visual Studio 15
VisualStudioVersion = 15.0.27130.2026
MinimumVisualStudioVersion = 10.0.40219.1
Project("{FAE04EC0-301F-11D3-BF4B-00C04F79EFBC}") = "LionsFeed", "LionsFeed\LionsFeed.csproj", "{0CA49017-7BDA-4757-BB7E-AB5912EF99D4}"
EndProject
Global
	GlobalSection(SolutionConfigurationPlatforms) = preSolution
		Debug|Any CPU = Debug|Any CPU
		Release|Any CPU = Release|Any CPU
	EndGlobalSection
	GlobalSection(ProjectConfigurationPlatforms) = postSolution
		{0CA49017-7BDA-4757-BB7E-AB5912EF99D4}.Debug|Any CPU.ActiveCfg = Debug|Any CPU
		{0CA49017-7BDA-4757-BB7E-AB5912EF99D4}.Debug|Any CPU.Build.0 = Debug|Any CPU
		{0CA49017-7BDA-4757-BB7E-AB5912EF99D4}.Release|Any CPU.ActiveCfg = Release|Any CPU
		{0CA49017-7BDA-4757-BB7E-AB5912EF99D4}.Release|Any CPU.Build.0 = Release|Any CPU
	EndGlobalSection
	GlobalSection(SolutionProperties) = preSolution
		HideSolutionNode = FALSE
	EndGlobalSection
	GlobalSection(ExtensibilityGlobals) = postSolution
		SolutionGuid = {5FAEF25F-6FAE-4CA6-8B29-08A08E025A49}
	EndGlobalSection
EndGlobal
